
Microsoft Visual Studio Solution File, Format Version 12.00
# Visual Studio 2012
Project("{FAE04EC0-301F-11D3-BF4B-00C04F79EFBC}") = "FailedTest", "FailedTest\FailedTest.csproj", "{5056C47B-A8FA-4253-8A70-589B68FC700B}"
EndProject
Global
	GlobalSection(SolutionConfigurationPlatforms) = preSolution
		Debug|Any CPU = Debug|Any CPU
		Release|Any CPU = Release|Any CPU
	EndGlobalSection
	GlobalSection(ProjectConfigurationPlatforms) = postSolution
		{5056C47B-A8FA-4253-8A70-589B68FC700B}.Debug|Any CPU.ActiveCfg = Debug|Any CPU
		{5056C47B-A8FA-4253-8A70-589B68FC700B}.Debug|Any CPU.Build.0 = Debug|Any CPU
		{5056C47B-A8FA-4253-8A70-589B68FC700B}.Release|Any CPU.ActiveCfg = Release|Any CPU
		{5056C47B-A8FA-4253-8A70-589B68FC700B}.Release|Any CPU.Build.0 = Release|Any CPU
	EndGlobalSection
	GlobalSection(SolutionProperties) = preSolution
		HideSolutionNode = FALSE
	EndGlobalSection
EndGlobal
